// !$*UTF8*$!
{
	archiveVersion = 1;
	classes = {
	};
	objectVersion = 46;
	objects = {

/* Begin PBXBuildFile section */
		58E210E61DF3F15900CBB491 /* AppDelegate.swift in Sources */ = {isa = PBXBuildFile; fileRef = 58E210E51DF3F15900CBB491 /* AppDelegate.swift */; };
		58E210E81DF3F15900CBB491 /* ViewController.swift in Sources */ = {isa = PBXBuildFile; fileRef = 58E210E71DF3F15900CBB491 /* ViewController.swift */; };
		58E210EB1DF3F15900CBB491 /* Main.storyboard in Resources */ = {isa = PBXBuildFile; fileRef = 58E210E91DF3F15900CBB491 /* Main.storyboard */; };
		58E210ED1DF3F15900CBB491 /* Assets.xcassets in Resources */ = {isa = PBXBuildFile; fileRef = 58E210EC1DF3F15900CBB491 /* Assets.xcassets */; };
		58E210F01DF3F15900CBB491 /* LaunchScreen.storyboard in Resources */ = {isa = PBXBuildFile; fileRef = 58E210EE1DF3F15900CBB491 /* LaunchScreen.storyboard */; };
		58E210FB1DF3F15900CBB491 /* LatihanPutGetTests.swift in Sources */ = {isa = PBXBuildFile; fileRef = 58E210FA1DF3F15900CBB491 /* LatihanPutGetTests.swift */; };
		58E211061DF3F15900CBB491 /* LatihanPutGetUITests.swift in Sources */ = {isa = PBXBuildFile; fileRef = 58E211051DF3F15900CBB491 /* LatihanPutGetUITests.swift */; };
		58E211191DF3F68400CBB491 /* bandung.jpeg in Resources */ = {isa = PBXBuildFile; fileRef = 58E211141DF3F68400CBB491 /* bandung.jpeg */; };
		58E2111A1DF3F68400CBB491 /* jakarta.jpeg in Resources */ = {isa = PBXBuildFile; fileRef = 58E211151DF3F68400CBB491 /* jakarta.jpeg */; };
		58E2111B1DF3F68400CBB491 /* makasara.jpeg in Resources */ = {isa = PBXBuildFile; fileRef = 58E211161DF3F68400CBB491 /* makasara.jpeg */; };
		58E2111C1DF3F68400CBB491 /* semarang.jpeg in Resources */ = {isa = PBXBuildFile; fileRef = 58E211171DF3F68400CBB491 /* semarang.jpeg */; };
		58E2111D1DF3F68400CBB491 /* surabaya.jpeg in Resources */ = {isa = PBXBuildFile; fileRef = 58E211181DF3F68400CBB491 /* surabaya.jpeg */; };
		58E211211DF4043700CBB491 /* CustomTableViewCell.swift in Sources */ = {isa = PBXBuildFile; fileRef = 58E211201DF4043700CBB491 /* CustomTableViewCell.swift */; };
		58E211231DF4072800CBB491 /* DetailViewController.swift in Sources */ = {isa = PBXBuildFile; fileRef = 58E211221DF4072800CBB491 /* DetailViewController.swift */; };
/* End PBXBuildFile section */

/* Begin PBXContainerItemProxy section */
		58E210F71DF3F15900CBB491 /* PBXContainerItemProxy */ = {
			isa = PBXContainerItemProxy;
			containerPortal = 58E210DA1DF3F15900CBB491 /* Project object */;
			proxyType = 1;
			remoteGlobalIDString = 58E210E11DF3F15900CBB491;
			remoteInfo = LatihanPutGet;
		};
		58E211021DF3F15900CBB491 /* PBXContainerItemProxy */ = {
			isa = PBXContainerItemProxy;
			containerPortal = 58E210DA1DF3F15900CBB491 /* Project object */;
			proxyType = 1;
			remoteGlobalIDString = 58E210E11DF3F15900CBB491;
			remoteInfo = LatihanPutGet;
		};
/* End PBXContainerItemProxy section */

/* Begin PBXFileReference section */
		58E210E21DF3F15900CBB491 /* LatihanPutGet.app */ = {isa = PBXFileReference; explicitFileType = wrapper.application; includeInIndex = 0; path = LatihanPutGet.app; sourceTree = BUILT_PRODUCTS_DIR; };
		58E210E51DF3F15900CBB491 /* AppDelegate.swift */ = {isa = PBXFileReference; lastKnownFileType = sourcecode.swift; path = AppDelegate.swift; sourceTree = "<group>"; };
		58E210E71DF3F15900CBB491 /* ViewController.swift */ = {isa = PBXFileReference; lastKnownFileType = sourcecode.swift; path = ViewController.swift; sourceTree = "<group>"; };
		58E210EA1DF3F15900CBB491 /* Base */ = {isa = PBXFileReference; lastKnownFileType = file.storyboard; name = Base; path = Base.lproj/Main.storyboard; sourceTree = "<group>"; };
		58E210EC1DF3F15900CBB491 /* Assets.xcassets */ = {isa = PBXFileReference; lastKnownFileType = folder.assetcatalog; path = Assets.xcassets; sourceTree = "<group>"; };
		58E210EF1DF3F15900CBB491 /* Base */ = {isa = PBXFileReference; lastKnownFileType = file.storyboard; name = Base; path = Base.lproj/LaunchScreen.storyboard; sourceTree = "<group>"; };
		58E210F11DF3F15900CBB491 /* Info.plist */ = {isa = PBXFileReference; lastKnownFileType = text.plist.xml; path = Info.plist; sourceTree = "<group>"; };
		58E210F61DF3F15900CBB491 /* LatihanPutGetTests.xctest */ = {isa = PBXFileReference; explicitFileType = wrapper.cfbundle; includeInIndex = 0; path = LatihanPutGetTests.xctest; sourceTree = BUILT_PRODUCTS_DIR; };
		58E210FA1DF3F15900CBB491 /* LatihanPutGetTests.swift */ = {isa = PBXFileReference; lastKnownFileType = sourcecode.swift; path = LatihanPutGetTests.swift; sourceTree = "<group>"; };
		58E210FC1DF3F15900CBB491 /* Info.plist */ = {isa = PBXFileReference; lastKnownFileType = text.plist.xml; path = Info.plist; sourceTree = "<group>"; };
		58E211011DF3F15900CBB491 /* LatihanPutGetUITests.xctest */ = {isa = PBXFileReference; explicitFileType = wrapper.cfbundle; includeInIndex = 0; path = LatihanPutGetUITests.xctest; sourceTree = BUILT_PRODUCTS_DIR; };
		58E211051DF3F15900CBB491 /* LatihanPutGetUITests.swift */ = {isa = PBXFileReference; lastKnownFileType = sourcecode.swift; path = LatihanPutGetUITests.swift; sourceTree = "<group>"; };
		58E211071DF3F15900CBB491 /* Info.plist */ = {isa = PBXFileReference; lastKnownFileType = text.plist.xml; path = Info.plist; sourceTree = "<group>"; };
		58E211141DF3F68400CBB491 /* bandung.jpeg */ = {isa = PBXFileReference; lastKnownFileType = image.jpeg; path = bandung.jpeg; sourceTree = "<group>"; };
		58E211151DF3F68400CBB491 /* jakarta.jpeg */ = {isa = PBXFileReference; lastKnownFileType = image.jpeg; path = jakarta.jpeg; sourceTree = "<group>"; };
		58E211161DF3F68400CBB491 /* makasara.jpeg */ = {isa = PBXFileReference; lastKnownFileType = image.jpeg; path = makasara.jpeg; sourceTree = "<group>"; };
		58E211171DF3F68400CBB491 /* semarang.jpeg */ = {isa = PBXFileReference; lastKnownFileType = image.jpeg; path = semarang.jpeg; sourceTree = "<group>"; };
		58E211181DF3F68400CBB491 /* surabaya.jpeg */ = {isa = PBXFileReference; lastKnownFileType = image.jpeg; path = surabaya.jpeg; sourceTree = "<group>"; };
		58E211201DF4043700CBB491 /* CustomTableViewCell.swift */ = {isa = PBXFileReference; fileEncoding = 4; lastKnownFileType = sourcecode.swift; path = CustomTableViewCell.swift; sourceTree = "<group>"; };
		58E211221DF4072800CBB491 /* DetailViewController.swift */ = {isa = PBXFileReference; fileEncoding = 4; lastKnownFileType = sourcecode.swift; path = DetailViewController.swift; sourceTree = "<group>"; };
/* End PBXFileReference section */

/* Begin PBXFrameworksBuildPhase section */
		58E210DF1DF3F15900CBB491 /* Frameworks */ = {
			isa = PBXFrameworksBuildPhase;
			buildActionMask = 2147483647;
			files = (
			);
			runOnlyForDeploymentPostprocessing = 0;
		};
		58E210F31DF3F15900CBB491 /* Frameworks */ = {
			isa = PBXFrameworksBuildPhase;
			buildActionMask = 2147483647;
			files = (
			);
			runOnlyForDeploymentPostprocessing = 0;
		};
		58E210FE1DF3F15900CBB491 /* Frameworks */ = {
			isa = PBXFrameworksBuildPhase;
			buildActionMask = 2147483647;
			files = (
			);
			runOnlyForDeploymentPostprocessing = 0;
		};
/* End PBXFrameworksBuildPhase section */

/* Begin PBXGroup section */
		58E210D91DF3F15900CBB491 = {
			isa = PBXGroup;
			children = (
				58E210E41DF3F15900CBB491 /* LatihanPutGet */,
				58E210F91DF3F15900CBB491 /* LatihanPutGetTests */,
				58E211041DF3F15900CBB491 /* LatihanPutGetUITests */,
				58E210E31DF3F15900CBB491 /* Products */,
			);
			sourceTree = "<group>";
		};
		58E210E31DF3F15900CBB491 /* Products */ = {
			isa = PBXGroup;
			children = (
				58E210E21DF3F15900CBB491 /* LatihanPutGet.app */,
				58E210F61DF3F15900CBB491 /* LatihanPutGetTests.xctest */,
				58E211011DF3F15900CBB491 /* LatihanPutGetUITests.xctest */,
			);
			name = Products;
			sourceTree = "<group>";
		};
		58E210E41DF3F15900CBB491 /* LatihanPutGet */ = {
			isa = PBXGroup;
			children = (
				58E211131DF3F68400CBB491 /* kota */,
				58E210E51DF3F15900CBB491 /* AppDelegate.swift */,
				58E210E71DF3F15900CBB491 /* ViewController.swift */,
				58E210E91DF3F15900CBB491 /* Main.storyboard */,
				58E210EC1DF3F15900CBB491 /* Assets.xcassets */,
				58E210EE1DF3F15900CBB491 /* LaunchScreen.storyboard */,
				58E210F11DF3F15900CBB491 /* Info.plist */,
				58E211201DF4043700CBB491 /* CustomTableViewCell.swift */,
				58E211221DF4072800CBB491 /* DetailViewController.swift */,
			);
			path = LatihanPutGet;
			sourceTree = "<group>";
		};
		58E210F91DF3F15900CBB491 /* LatihanPutGetTests */ = {
			isa = PBXGroup;
			children = (
				58E210FA1DF3F15900CBB491 /* LatihanPutGetTests.swift */,
				58E210FC1DF3F15900CBB491 /* Info.plist */,
			);
			path = LatihanPutGetTests;
			sourceTree = "<group>";
		};
		58E211041DF3F15900CBB491 /* LatihanPutGetUITests */ = {
			isa = PBXGroup;
			children = (
				58E211051DF3F15900CBB491 /* LatihanPutGetUITests.swift */,
				58E211071DF3F15900CBB491 /* Info.plist */,
			);
			path = LatihanPutGetUITests;
			sourceTree = "<group>";
		};
		58E211131DF3F68400CBB491 /* kota */ = {
			isa = PBXGroup;
			children = (
				58E211141DF3F68400CBB491 /* bandung.jpeg */,
				58E211151DF3F68400CBB491 /* jakarta.jpeg */,
				58E211161DF3F68400CBB491 /* makasara.jpeg */,
				58E211171DF3F68400CBB491 /* semarang.jpeg */,
				58E211181DF3F68400CBB491 /* surabaya.jpeg */,
			);
			path = kota;
			sourceTree = "<group>";
		};
/* End PBXGroup section */

/* Begin PBXNativeTarget section */
		58E210E11DF3F15900CBB491 /* LatihanPutGet */ = {
			isa = PBXNativeTarget;
			buildConfigurationList = 58E2110A1DF3F15900CBB491 /* Build configuration list for PBXNativeTarget "LatihanPutGet" */;
			buildPhases = (
				58E210DE1DF3F15900CBB491 /* Sources */,
				58E210DF1DF3F15900CBB491 /* Frameworks */,
				58E210E01DF3F15900CBB491 /* Resources */,
			);
			buildRules = (
			);
			dependencies = (
			);
			name = LatihanPutGet;
			productName = LatihanPutGet;
			productReference = 58E210E21DF3F15900CBB491 /* LatihanPutGet.app */;
			productType = "com.apple.product-type.application";
		};
		58E210F51DF3F15900CBB491 /* LatihanPutGetTests */ = {
			isa = PBXNativeTarget;
			buildConfigurationList = 58E2110D1DF3F15900CBB491 /* Build configuration list for PBXNativeTarget "LatihanPutGetTests" */;
			buildPhases = (
				58E210F21DF3F15900CBB491 /* Sources */,
				58E210F31DF3F15900CBB491 /* Frameworks */,
				58E210F41DF3F15900CBB491 /* Resources */,
			);
			buildRules = (
			);
			dependencies = (
				58E210F81DF3F15900CBB491 /* PBXTargetDependency */,
			);
			name = LatihanPutGetTests;
			productName = LatihanPutGetTests;
			productReference = 58E210F61DF3F15900CBB491 /* LatihanPutGetTests.xctest */;
			productType = "com.apple.product-type.bundle.unit-test";
		};
		58E211001DF3F15900CBB491 /* LatihanPutGetUITests */ = {
			isa = PBXNativeTarget;
			buildConfigurationList = 58E211101DF3F15900CBB491 /* Build configuration list for PBXNativeTarget "LatihanPutGetUITests" */;
			buildPhases = (
				58E210FD1DF3F15900CBB491 /* Sources */,
				58E210FE1DF3F15900CBB491 /* Frameworks */,
				58E210FF1DF3F15900CBB491 /* Resources */,
			);
			buildRules = (
			);
			dependencies = (
				58E211031DF3F15900CBB491 /* PBXTargetDependency */,
			);
			name = LatihanPutGetUITests;
			productName = LatihanPutGetUITests;
			productReference = 58E211011DF3F15900CBB491 /* LatihanPutGetUITests.xctest */;
			productType = "com.apple.product-type.bundle.ui-testing";
		};
/* End PBXNativeTarget section */

/* Begin PBXProject section */
		58E210DA1DF3F15900CBB491 /* Project object */ = {
			isa = PBXProject;
			attributes = {
				LastSwiftUpdateCheck = 0810;
				LastUpgradeCheck = 0810;
				ORGANIZATIONNAME = "IMA STUDIO";
				TargetAttributes = {
					58E210E11DF3F15900CBB491 = {
						CreatedOnToolsVersion = 8.1;
						ProvisioningStyle = Automatic;
					};
					58E210F51DF3F15900CBB491 = {
						CreatedOnToolsVersion = 8.1;
						ProvisioningStyle = Automatic;
						TestTargetID = 58E210E11DF3F15900CBB491;
					};
					58E211001DF3F15900CBB491 = {
						CreatedOnToolsVersion = 8.1;
						ProvisioningStyle = Automatic;
						TestTargetID = 58E210E11DF3F15900CBB491;
					};
				};
			};
			buildConfigurationList = 58E210DD1DF3F15900CBB491 /* Build configuration list for PBXProject "LatihanPutGet" */;
			compatibilityVersion = "Xcode 3.2";
			developmentRegion = English;
			hasScannedForEncodings = 0;
			knownRegions = (
				en,
				Base,
			);
			mainGroup = 58E210D91DF3F15900CBB491;
			productRefGroup = 58E210E31DF3F15900CBB491 /* Products */;
			projectDirPath = "";
			projectRoot = "";
			targets = (
				58E210E11DF3F15900CBB491 /* LatihanPutGet */,
				58E210F51DF3F15900CBB491 /* LatihanPutGetTests */,
				58E211001DF3F15900CBB491 /* LatihanPutGetUITests */,
			);
		};
/* End PBXProject section */

/* Begin PBXResourcesBuildPhase section */
		58E210E01DF3F15900CBB491 /* Resources */ = {
			isa = PBXResourcesBuildPhase;
			buildActionMask = 2147483647;
			files = (
				58E2111A1DF3F68400CBB491 /* jakarta.jpeg in Resources */,
				58E2111D1DF3F68400CBB491 /* surabaya.jpeg in Resources */,
				58E210F01DF3F15900CBB491 /* LaunchScreen.storyboard in Resources */,
				58E210ED1DF3F15900CBB491 /* Assets.xcassets in Resources */,
				58E210EB1DF3F15900CBB491 /* Main.storyboard in Resources */,
				58E2111C1DF3F68400CBB491 /* semarang.jpeg in Resources */,
				58E2111B1DF3F68400CBB491 /* makasara.jpeg in Resources */,
				58E211191DF3F68400CBB491 /* bandung.jpeg in Resources */,
			);
			runOnlyForDeploymentPostprocessing = 0;
		};
		58E210F41DF3F15900CBB491 /* Resources */ = {
			isa = PBXResourcesBuildPhase;
			buildActionMask = 2147483647;
			files = (
			);
			runOnlyForDeploymentPostprocessing = 0;
		};
		58E210FF1DF3F15900CBB491 /* Resources */ = {
			isa = PBXResourcesBuildPhase;
			buildActionMask = 2147483647;
			files = (
			);
			runOnlyForDeploymentPostprocessing = 0;
		};
/* End PBXResourcesBuildPhase section */

/* Begin PBXSourcesBuildPhase section */
		58E210DE1DF3F15900CBB491 /* Sources */ = {
			isa = PBXSourcesBuildPhase;
			buildActionMask = 2147483647;
			files = (
				58E210E81DF3F15900CBB491 /* ViewController.swift in Sources */,
				58E210E61DF3F15900CBB491 /* AppDelegate.swift in Sources */,
				58E211211DF4043700CBB491 /* CustomTableViewCell.swift in Sources */,
				58E211231DF4072800CBB491 /* DetailViewController.swift in Sources */,
			);
			runOnlyForDeploymentPostprocessing = 0;
		};
		58E210F21DF3F15900CBB491 /* Sources */ = {
			isa = PBXSourcesBuildPhase;
			buildActionMask = 2147483647;
			files = (
				58E210FB1DF3F15900CBB491 /* LatihanPutGetTests.swift in Sources */,
			);
			runOnlyForDeploymentPostprocessing = 0;
		};
		58E210FD1DF3F15900CBB491 /* Sources */ = {
			isa = PBXSourcesBuildPhase;
			buildActionMask = 2147483647;
			files = (
				58E211061DF3F15900CBB491 /* LatihanPutGetUITests.swift in Sources */,
			);
			runOnlyForDeploymentPostprocessing = 0;
		};
/* End PBXSourcesBuildPhase section */

/* Begin PBXTargetDependency section */
		58E210F81DF3F15900CBB491 /* PBXTargetDependency */ = {
			isa = PBXTargetDependency;
			target = 58E210E11DF3F15900CBB491 /* LatihanPutGet */;
			targetProxy = 58E210F71DF3F15900CBB491 /* PBXContainerItemProxy */;
		};
		58E211031DF3F15900CBB491 /* PBXTargetDependency */ = {
			isa = PBXTargetDependency;
			target = 58E210E11DF3F15900CBB491 /* LatihanPutGet */;
			targetProxy = 58E211021DF3F15900CBB491 /* PBXContainerItemProxy */;
		};
/* End PBXTargetDependency section */

/* Begin PBXVariantGroup section */
		58E210E91DF3F15900CBB491 /* Main.storyboard */ = {
			isa = PBXVariantGroup;
			children = (
				58E210EA1DF3F15900CBB491 /* Base */,
			);
			name = Main.storyboard;
			sourceTree = "<group>";
		};
		58E210EE1DF3F15900CBB491 /* LaunchScreen.storyboard */ = {
			isa = PBXVariantGroup;
			children = (
				58E210EF1DF3F15900CBB491 /* Base */,
			);
			name = LaunchScreen.storyboard;
			sourceTree = "<group>";
		};
/* End PBXVariantGroup section */

/* Begin XCBuildConfiguration section */
		58E211081DF3F15900CBB491 /* Debug */ = {
			isa = XCBuildConfiguration;
			buildSettings = {
				ALWAYS_SEARCH_USER_PATHS = NO;
				CLANG_ANALYZER_NONNULL = YES;
				CLANG_CXX_LANGUAGE_STANDARD = "gnu++0x";
				CLANG_CXX_LIBRARY = "libc++";
				CLANG_ENABLE_MODULES = YES;
				CLANG_ENABLE_OBJC_ARC = YES;
				CLANG_WARN_BOOL_CONVERSION = YES;
				CLANG_WARN_CONSTANT_CONVERSION = YES;
				CLANG_WARN_DIRECT_OBJC_ISA_USAGE = YES_ERROR;
				CLANG_WARN_DOCUMENTATION_COMMENTS = YES;
				CLANG_WARN_EMPTY_BODY = YES;
				CLANG_WARN_ENUM_CONVERSION = YES;
				CLANG_WARN_INFINITE_RECURSION = YES;
				CLANG_WARN_INT_CONVERSION = YES;
				CLANG_WARN_OBJC_ROOT_CLASS = YES_ERROR;
				CLANG_WARN_SUSPICIOUS_MOVES = YES;
				CLANG_WARN_UNREACHABLE_CODE = YES;
				CLANG_WARN__DUPLICATE_METHOD_MATCH = YES;
				"CODE_SIGN_IDENTITY[sdk=iphoneos*]" = "iPhone Developer";
				COPY_PHASE_STRIP = NO;
				DEBUG_INFORMATION_FORMAT = dwarf;
				ENABLE_STRICT_OBJC_MSGSEND = YES;
				ENABLE_TESTABILITY = YES;
				GCC_C_LANGUAGE_STANDARD = gnu99;
				GCC_DYNAMIC_NO_PIC = NO;
				GCC_NO_COMMON_BLOCKS = YES;
				GCC_OPTIMIZATION_LEVEL = 0;
				GCC_PREPROCESSOR_DEFINITIONS = (
					"DEBUG=1",
					"$(inherited)",
				);
				GCC_WARN_64_TO_32_BIT_CONVERSION = YES;
				GCC_WARN_ABOUT_RETURN_TYPE = YES_ERROR;
				GCC_WARN_UNDECLARED_SELECTOR = YES;
				GCC_WARN_UNINITIALIZED_AUTOS = YES_AGGRESSIVE;
				GCC_WARN_UNUSED_FUNCTION = YES;
				GCC_WARN_UNUSED_VARIABLE = YES;
				IPHONEOS_DEPLOYMENT_TARGET = 10.1;
				MTL_ENABLE_DEBUG_INFO = YES;
				ONLY_ACTIVE_ARCH = YES;
				SDKROOT = iphoneos;
				SWIFT_ACTIVE_COMPILATION_CONDITIONS = DEBUG;
				SWIFT_OPTIMIZATION_LEVEL = "-Onone";
				TARGETED_DEVICE_FAMILY = "1,2";
			};
			name = Debug;
		};
		58E211091DF3F15900CBB491 /* Release */ = {
			isa = XCBuildConfiguration;
			buildSettings = {
				ALWAYS_SEARCH_USER_PATHS = NO;
				CLANG_ANALYZER_NONNULL = YES;
				CLANG_CXX_LANGUAGE_STANDARD = "gnu++0x";
				CLANG_CXX_LIBRARY = "libc++";
				CLANG_ENABLE_MODULES = YES;
				CLANG_ENABLE_OBJC_ARC = YES;
				CLANG_WARN_BOOL_CONVERSION = YES;
				CLANG_WARN_CONSTANT_CONVERSION = YES;
				CLANG_WARN_DIRECT_OBJC_ISA_USAGE = YES_ERROR;
				CLANG_WARN_DOCUMENTATION_COMMENTS = YES;
				CLANG_WARN_EMPTY_BODY = YES;
				CLANG_WARN_ENUM_CONVERSION = YES;
				CLANG_WARN_INFINITE_RECURSION = YES;
				CLANG_WARN_INT_CONVERSION = YES;
				CLANG_WARN_OBJC_ROOT_CLASS = YES_ERROR;
				CLANG_WARN_SUSPICIOUS_MOVES = YES;
				CLANG_WARN_UNREACHABLE_CODE = YES;
				CLANG_WARN__DUPLICATE_METHOD_MATCH = YES;
				"CODE_SIGN_IDENTITY[sdk=iphoneos*]" = "iPhone Developer";
				COPY_PHASE_STRIP = NO;
				DEBUG_INFORMATION_FORMAT = "dwarf-with-dsym";
				ENABLE_NS_ASSERTIONS = NO;
				ENABLE_STRICT_OBJC_MSGSEND = YES;
				GCC_C_LANGUAGE_STANDARD = gnu99;
				GCC_NO_COMMON_BLOCKS = YES;
				GCC_WARN_64_TO_32_BIT_CONVERSION = YES;
				GCC_WARN_ABOUT_RETURN_TYPE = YES_ERROR;
				GCC_WARN_UNDECLARED_SELECTOR = YES;
				GCC_WARN_UNINITIALIZED_AUTOS = YES_AGGRESSIVE;
				GCC_WARN_UNUSED_FUNCTION = YES;
				GCC_WARN_UNUSED_VARIABLE = YES;
				IPHONEOS_DEPLOYMENT_TARGET = 10.1;
				MTL_ENABLE_DEBUG_INFO = NO;
				SDKROOT = iphoneos;
				SWIFT_OPTIMIZATION_LEVEL = "-Owholemodule";
				TARGETED_DEVICE_FAMILY = "1,2";
				VALIDATE_PRODUCT = YES;
			};
			name = Release;
		};
		58E2110B1DF3F15900CBB491 /* Debug */ = {
			isa = XCBuildConfiguration;
			buildSettings = {
				ASSETCATALOG_COMPILER_APPICON_NAME = AppIcon;
				INFOPLIST_FILE = LatihanPutGet/Info.plist;
				LD_RUNPATH_SEARCH_PATHS = "$(inherited) @executable_path/Frameworks";
				PRODUCT_BUNDLE_IDENTIFIER = com.imastudio.LatihanPutGet;
				PRODUCT_NAME = "$(TARGET_NAME)";
				SWIFT_VERSION = 3.0;
			};
			name = Debug;
		};
		58E2110C1DF3F15900CBB491 /* Release */ = {
			isa = XCBuildConfiguration;
			buildSettings = {
				ASSETCATALOG_COMPILER_APPICON_NAME = AppIcon;
				INFOPLIST_FILE = LatihanPutGet/Info.plist;
				LD_RUNPATH_SEARCH_PATHS = "$(inherited) @executable_path/Frameworks";
				PRODUCT_BUNDLE_IDENTIFIER = com.imastudio.LatihanPutGet;
				PRODUCT_NAME = "$(TARGET_NAME)";
				SWIFT_VERSION = 3.0;
			};
			name = Release;
		};
		58E2110E1DF3F15900CBB491 /* Debug */ = {
			isa = XCBuildConfiguration;
			buildSettings = {
				ALWAYS_EMBED_SWIFT_STANDARD_LIBRARIES = YES;
				BUNDLE_LOADER = "$(TEST_HOST)";
				INFOPLIST_FILE = LatihanPutGetTests/Info.plist;
				LD_RUNPATH_SEARCH_PATHS = "$(inherited) @executable_path/Frameworks @loader_path/Frameworks";
				PRODUCT_BUNDLE_IDENTIFIER = com.imastudio.LatihanPutGetTests;
				PRODUCT_NAME = "$(TARGET_NAME)";
				SWIFT_VERSION = 3.0;
				TEST_HOST = "$(BUILT_PRODUCTS_DIR)/LatihanPutGet.app/LatihanPutGet";
			};
			name = Debug;
		};
		58E2110F1DF3F15900CBB491 /* Release */ = {
			isa = XCBuildConfiguration;
			buildSettings = {
				ALWAYS_EMBED_SWIFT_STANDARD_LIBRARIES = YES;
				BUNDLE_LOADER = "$(TEST_HOST)";
				INFOPLIST_FILE = LatihanPutGetTests/Info.plist;
				LD_RUNPATH_SEARCH_PATHS = "$(inherited) @executable_path/Frameworks @loader_path/Frameworks";
				PRODUCT_BUNDLE_IDENTIFIER = com.imastudio.LatihanPutGetTests;
				PRODUCT_NAME = "$(TARGET_NAME)";
				SWIFT_VERSION = 3.0;
				TEST_HOST = "$(BUILT_PRODUCTS_DIR)/LatihanPutGet.app/LatihanPutGet";
			};
			name = Release;
		};
		58E211111DF3F15900CBB491 /* Debug */ = {
			isa = XCBuildConfiguration;
			buildSettings = {
				ALWAYS_EMBED_SWIFT_STANDARD_LIBRARIES = YES;
				INFOPLIST_FILE = LatihanPutGetUITests/Info.plist;
				LD_RUNPATH_SEARCH_PATHS = "$(inherited) @executable_path/Frameworks @loader_path/Frameworks";
				PRODUCT_BUNDLE_IDENTIFIER = com.imastudio.LatihanPutGetUITests;
				PRODUCT_NAME = "$(TARGET_NAME)";
				SWIFT_VERSION = 3.0;
				TEST_TARGET_NAME = LatihanPutGet;
			};
			name = Debug;
		};
		58E211121DF3F15900CBB491 /* Release */ = {
			isa = XCBuildConfiguration;
			buildSettings = {
				ALWAYS_EMBED_SWIFT_STANDARD_LIBRARIES = YES;
				INFOPLIST_FILE = LatihanPutGetUITests/Info.plist;
				LD_RUNPATH_SEARCH_PATHS = "$(inherited) @executable_path/Frameworks @loader_path/Frameworks";
				PRODUCT_BUNDLE_IDENTIFIER = com.imastudio.LatihanPutGetUITests;
				PRODUCT_NAME = "$(TARGET_NAME)";
				SWIFT_VERSION = 3.0;
				TEST_TARGET_NAME = LatihanPutGet;
			};
			name = Release;
		};
/* End XCBuildConfiguration section */

/* Begin XCConfigurationList section */
		58E210DD1DF3F15900CBB491 /* Build configuration list for PBXProject "LatihanPutGet" */ = {
			isa = XCConfigurationList;
			buildConfigurations = (
				58E211081DF3F15900CBB491 /* Debug */,
				58E211091DF3F15900CBB491 /* Release */,
			);
			defaultConfigurationIsVisible = 0;
			defaultConfigurationName = Release;
		};
		58E2110A1DF3F15900CBB491 /* Build configuration list for PBXNativeTarget "LatihanPutGet" */ = {
			isa = XCConfigurationList;
			buildConfigurations = (
				58E2110B1DF3F15900CBB491 /* Debug */,
				58E2110C1DF3F15900CBB491 /* Release */,
			);
			defaultConfigurationIsVisible = 0;
			defaultConfigurationName = Release;
		};
		58E2110D1DF3F15900CBB491 /* Build configuration list for PBXNativeTarget "LatihanPutGetTests" */ = {
			isa = XCConfigurationList;
			buildConfigurations = (
				58E2110E1DF3F15900CBB491 /* Debug */,
				58E2110F1DF3F15900CBB491 /* Release */,
			);
			defaultConfigurationIsVisible = 0;
			defaultConfigurationName = Release;
		};
		58E211101DF3F15900CBB491 /* Build configuration list for PBXNativeTarget "LatihanPutGetUITests" */ = {
			isa = XCConfigurationList;
			buildConfigurations = (
				58E211111DF3F15900CBB491 /* Debug */,
				58E211121DF3F15900CBB491 /* Release */,
			);
			defaultConfigurationIsVisible = 0;
			defaultConfigurationName = Release;
		};
/* End XCConfigurationList section */
	};
	rootObject = 58E210DA1DF3F15900CBB491 /* Project object */;
}
